
Microsoft Visual Studio Solution File, Format Version 12.00
# Visual Studio 15
Project("{FAE04EC0-301F-11D3-BF4B-00C04F79EFBC}") = "UnityTimelineConditions", "Assembly-CSharp.csproj", "{93871A4B-10DF-1B06-AFA8-29B49829A916}"
EndProject
Project("{FAE04EC0-301F-11D3-BF4B-00C04F79EFBC}") = "UnityTimelineConditions", "Assembly-CSharp-Editor.csproj", "{AF679CCD-B4E6-787D-42B4-A55F016FC2BF}"
EndProject
Global
	GlobalSection(SolutionConfigurationPlatforms) = preSolution
		Debug|Any CPU = Debug|Any CPU
		Release|Any CPU = Release|Any CPU
	EndGlobalSection
	GlobalSection(ProjectConfigurationPlatforms) = postSolution
		{93871A4B-10DF-1B06-AFA8-29B49829A916}.Debug|Any CPU.ActiveCfg = Debug|Any CPU
		{93871A4B-10DF-1B06-AFA8-29B49829A916}.Debug|Any CPU.Build.0 = Debug|Any CPU
		{93871A4B-10DF-1B06-AFA8-29B49829A916}.Release|Any CPU.ActiveCfg = Release|Any CPU
		{93871A4B-10DF-1B06-AFA8-29B49829A916}.Release|Any CPU.Build.0 = Release|Any CPU
		{AF679CCD-B4E6-787D-42B4-A55F016FC2BF}.Debug|Any CPU.ActiveCfg = Debug|Any CPU
		{AF679CCD-B4E6-787D-42B4-A55F016FC2BF}.Debug|Any CPU.Build.0 = Debug|Any CPU
		{AF679CCD-B4E6-787D-42B4-A55F016FC2BF}.Release|Any CPU.ActiveCfg = Release|Any CPU
		{AF679CCD-B4E6-787D-42B4-A55F016FC2BF}.Release|Any CPU.Build.0 = Release|Any CPU
	EndGlobalSection
	GlobalSection(SolutionProperties) = preSolution
		HideSolutionNode = FALSE
	EndGlobalSection
EndGlobal
